
Microsoft Visual Studio Solution File, Format Version 11.00
# Visual Studio 2010
Project("{FAE04EC0-301F-11D3-BF4B-00C04F79EFBC}") = "VRAffordances", "Assembly-CSharp.csproj", "{4768D569-38A2-4307-AC02-1E020FBEB33C}"
EndProject
Project("{FAE04EC0-301F-11D3-BF4B-00C04F79EFBC}") = "VRAffordances", "Assembly-CSharp-firstpass.csproj", "{C1EBED40-5F5C-1781-A06E-F9B5923786D8}"
EndProject
Project("{FAE04EC0-301F-11D3-BF4B-00C04F79EFBC}") = "VRAffordances", "Assembly-CSharp-Editor-firstpass.csproj", "{CB34D1EB-AE7F-D9E0-8E54-9ABC6C05CF3F}"
EndProject
Project("{FAE04EC0-301F-11D3-BF4B-00C04F79EFBC}") = "VRAffordances", "Assembly-CSharp-Editor.csproj", "{379F1B20-EC9D-B642-6771-202845BC49EC}"
EndProject
Global
	GlobalSection(SolutionConfigurationPlatforms) = preSolution
		Debug|Any CPU = Debug|Any CPU
		Release|Any CPU = Release|Any CPU
	EndGlobalSection
	GlobalSection(ProjectConfigurationPlatforms) = postSolution
		{4768D569-38A2-4307-AC02-1E020FBEB33C}.Debug|Any CPU.ActiveCfg = Debug|Any CPU
		{4768D569-38A2-4307-AC02-1E020FBEB33C}.Debug|Any CPU.Build.0 = Debug|Any CPU
		{4768D569-38A2-4307-AC02-1E020FBEB33C}.Release|Any CPU.ActiveCfg = Release|Any CPU
		{4768D569-38A2-4307-AC02-1E020FBEB33C}.Release|Any CPU.Build.0 = Release|Any CPU
		{C1EBED40-5F5C-1781-A06E-F9B5923786D8}.Debug|Any CPU.ActiveCfg = Debug|Any CPU
		{C1EBED40-5F5C-1781-A06E-F9B5923786D8}.Debug|Any CPU.Build.0 = Debug|Any CPU
		{C1EBED40-5F5C-1781-A06E-F9B5923786D8}.Release|Any CPU.ActiveCfg = Release|Any CPU
		{C1EBED40-5F5C-1781-A06E-F9B5923786D8}.Release|Any CPU.Build.0 = Release|Any CPU
		{CB34D1EB-AE7F-D9E0-8E54-9ABC6C05CF3F}.Debug|Any CPU.ActiveCfg = Debug|Any CPU
		{CB34D1EB-AE7F-D9E0-8E54-9ABC6C05CF3F}.Debug|Any CPU.Build.0 = Debug|Any CPU
		{CB34D1EB-AE7F-D9E0-8E54-9ABC6C05CF3F}.Release|Any CPU.ActiveCfg = Release|Any CPU
		{CB34D1EB-AE7F-D9E0-8E54-9ABC6C05CF3F}.Release|Any CPU.Build.0 = Release|Any CPU
		{379F1B20-EC9D-B642-6771-202845BC49EC}.Debug|Any CPU.ActiveCfg = Debug|Any CPU
		{379F1B20-EC9D-B642-6771-202845BC49EC}.Debug|Any CPU.Build.0 = Debug|Any CPU
		{379F1B20-EC9D-B642-6771-202845BC49EC}.Release|Any CPU.ActiveCfg = Release|Any CPU
		{379F1B20-EC9D-B642-6771-202845BC49EC}.Release|Any CPU.Build.0 = Release|Any CPU
	EndGlobalSection
	GlobalSection(SolutionProperties) = preSolution
		HideSolutionNode = FALSE
	EndGlobalSection
	GlobalSection(MonoDevelopProperties) = preSolution
		StartupItem = Assembly-CSharp.csproj
	EndGlobalSection
EndGlobal
